PODS:
  - Alamofire (3.4.1)
  - APESuperHUD (0.5.4)
  - Charts (2.2.5):
    - Charts/Core (= 2.2.5)
  - Charts/Core (2.2.5)
  - Realm (1.0.1):
    - Realm/Headers (= 1.0.1)
  - Realm/Headers (1.0.1)
  - RealmSwift (1.0.1):
    - Realm (= 1.0.1)

DEPENDENCIES:
  - Alamofire (~> 3.4)
  - APESuperHUD (from `https://github.com/apegroup/APESuperHUD.git`)
  - Charts (~> 2.2.4)
  - RealmSwift

EXTERNAL SOURCES:
  APESuperHUD:
    :git: https://github.com/apegroup/APESuperHUD.git

CHECKOUT OPTIONS:
  APESuperHUD:
    :commit: d50c6271052d35f73aab8d554e7a9747b55bd38f
    :git: https://github.com/apegroup/APESuperHUD.git

SPEC CHECKSUMS:
  Alamofire: 01a82e2f6c0f860ade35534c8dd88be61bdef40c
  APESuperHUD: 16cb95a8dc9e062a082db31ab262cc9370e335e8
  Charts: b48fcc8d7190de910ff9e9748f5360c8ea7856e5
  Realm: 2e15e39d35b08abb529e212ed5d8af107b5236c8
  RealmSwift: d73ea2af08c3676dbdd5e4b669651a0f492162a4

COCOAPODS: 0.39.0
