// !$*UTF8*$!
{
	archiveVersion = 1;
	classes = {
	};
	objectVersion = 46;
	objects = {

/* Begin PBXBuildFile section */
		4377AFE21CF3DD3E000C846B /* AppDelegate.swift in Sources */ = {isa = PBXBuildFile; fileRef = 4377AFE11CF3DD3E000C846B /* AppDelegate.swift */; };
		4377AFE41CF3DD3E000C846B /* ViewController.swift in Sources */ = {isa = PBXBuildFile; fileRef = 4377AFE31CF3DD3E000C846B /* ViewController.swift */; };
		4377AFE71CF3DD3E000C846B /* Main.storyboard in Resources */ = {isa = PBXBuildFile; fileRef = 4377AFE51CF3DD3E000C846B /* Main.storyboard */; };
		4377AFE91CF3DD3E000C846B /* Assets.xcassets in Resources */ = {isa = PBXBuildFile; fileRef = 4377AFE81CF3DD3E000C846B /* Assets.xcassets */; };
		4377AFEC1CF3DD3E000C846B /* LaunchScreen.storyboard in Resources */ = {isa = PBXBuildFile; fileRef = 4377AFEA1CF3DD3E000C846B /* LaunchScreen.storyboard */; };
		4377AFF41CF3DEBC000C846B /* README.md in Sources */ = {isa = PBXBuildFile; fileRef = 4377AFF31CF3DEBC000C846B /* README.md */; };
/* End PBXBuildFile section */

/* Begin PBXFileReference section */
		4377AFDE1CF3DD3E000C846B /* RAP.app */ = {isa = PBXFileReference; explicitFileType = wrapper.application; includeInIndex = 0; path = RAP.app; sourceTree = BUILT_PRODUCTS_DIR; };
		4377AFE11CF3DD3E000C846B /* AppDelegate.swift */ = {isa = PBXFileReference; lastKnownFileType = sourcecode.swift; path = AppDelegate.swift; sourceTree = "<group>"; };
		4377AFE31CF3DD3E000C846B /* ViewController.swift */ = {isa = PBXFileReference; lastKnownFileType = sourcecode.swift; path = ViewController.swift; sourceTree = "<group>"; };
		4377AFE61CF3DD3E000C846B /* Base */ = {isa = PBXFileReference; lastKnownFileType = file.storyboard; name = Base; path = Base.lproj/Main.storyboard; sourceTree = "<group>"; };
		4377AFE81CF3DD3E000C846B /* Assets.xcassets */ = {isa = PBXFileReference; lastKnownFileType = folder.assetcatalog; path = Assets.xcassets; sourceTree = "<group>"; };
		4377AFEB1CF3DD3E000C846B /* Base */ = {isa = PBXFileReference; lastKnownFileType = file.storyboard; name = Base; path = Base.lproj/LaunchScreen.storyboard; sourceTree = "<group>"; };
		4377AFED1CF3DD3E000C846B /* Info.plist */ = {isa = PBXFileReference; lastKnownFileType = text.plist.xml; path = Info.plist; sourceTree = "<group>"; };
		4377AFF31CF3DEBC000C846B /* README.md */ = {isa = PBXFileReference; fileEncoding = 4; lastKnownFileType = net.daringfireball.markdown; path = README.md; sourceTree = "<group>"; };
/* End PBXFileReference section */

/* Begin PBXFrameworksBuildPhase section */
		4377AFDB1CF3DD3E000C846B /* Frameworks */ = {
			isa = PBXFrameworksBuildPhase;
			buildActionMask = 2147483647;
			files = (
			);
			runOnlyForDeploymentPostprocessing = 0;
		};
/* End PBXFrameworksBuildPhase section */

/* Begin PBXGroup section */
		4377AFD51CF3DD3E000C846B = {
			isa = PBXGroup;
			children = (
				4377AFF31CF3DEBC000C846B /* README.md */,
				4377AFE01CF3DD3E000C846B /* RAP */,
				4377AFDF1CF3DD3E000C846B /* Products */,
			);
			sourceTree = "<group>";
		};
		4377AFDF1CF3DD3E000C846B /* Products */ = {
			isa = PBXGroup;
			children = (
				4377AFDE1CF3DD3E000C846B /* RAP.app */,
			);
			name = Products;
			sourceTree = "<group>";
		};
		4377AFE01CF3DD3E000C846B /* RAP */ = {
			isa = PBXGroup;
			children = (
				4377AFE11CF3DD3E000C846B /* AppDelegate.swift */,
				4377AFE31CF3DD3E000C846B /* ViewController.swift */,
				4377AFE51CF3DD3E000C846B /* Main.storyboard */,
				4377AFE81CF3DD3E000C846B /* Assets.xcassets */,
				4377AFEA1CF3DD3E000C846B /* LaunchScreen.storyboard */,
				4377AFED1CF3DD3E000C846B /* Info.plist */,
			);
			path = RAP;
			sourceTree = "<group>";
		};
/* End PBXGroup section */

/* Begin PBXNativeTarget section */
		4377AFDD1CF3DD3E000C846B /* RAP */ = {
			isa = PBXNativeTarget;
			buildConfigurationList = 4377AFF01CF3DD3E000C846B /* Build configuration list for PBXNativeTarget "RAP" */;
			buildPhases = (
				4377AFDA1CF3DD3E000C846B /* Sources */,
				4377AFDB1CF3DD3E000C846B /* Frameworks */,
				4377AFDC1CF3DD3E000C846B /* Resources */,
			);
			buildRules = (
			);
			dependencies = (
			);
			name = RAP;
			productName = RAP;
			productReference = 4377AFDE1CF3DD3E000C846B /* RAP.app */;
			productType = "com.apple.product-type.application";
		};
/* End PBXNativeTarget section */

/* Begin PBXProject section */
		4377AFD61CF3DD3E000C846B /* Project object */ = {
			isa = PBXProject;
			attributes = {
				LastSwiftUpdateCheck = 0730;
				LastUpgradeCheck = 0730;
				ORGANIZATIONNAME = "Redleaf Hospital";
				TargetAttributes = {
					4377AFDD1CF3DD3E000C846B = {
						CreatedOnToolsVersion = 7.3.1;
						DevelopmentTeam = 76Z43938M8;
					};
				};
			};
			buildConfigurationList = 4377AFD91CF3DD3E000C846B /* Build configuration list for PBXProject "RAP" */;
			compatibilityVersion = "Xcode 3.2";
			developmentRegion = English;
			hasScannedForEncodings = 0;
			knownRegions = (
				en,
				Base,
			);
			mainGroup = 4377AFD51CF3DD3E000C846B;
			productRefGroup = 4377AFDF1CF3DD3E000C846B /* Products */;
			projectDirPath = "";
			projectRoot = "";
			targets = (
				4377AFDD1CF3DD3E000C846B /* RAP */,
			);
		};
/* End PBXProject section */

/* Begin PBXResourcesBuildPhase section */
		4377AFDC1CF3DD3E000C846B /* Resources */ = {
			isa = PBXResourcesBuildPhase;
			buildActionMask = 2147483647;
			files = (
				4377AFEC1CF3DD3E000C846B /* LaunchScreen.storyboard in Resources */,
				4377AFE91CF3DD3E000C846B /* Assets.xcassets in Resources */,
				4377AFE71CF3DD3E000C846B /* Main.storyboard in Resources */,
			);
			runOnlyForDeploymentPostprocessing = 0;
		};
/* End PBXResourcesBuildPhase section */

/* Begin PBXSourcesBuildPhase section */
		4377AFDA1CF3DD3E000C846B /* Sources */ = {
			isa = PBXSourcesBuildPhase;
			buildActionMask = 2147483647;
			files = (
				4377AFF41CF3DEBC000C846B /* README.md in Sources */,
				4377AFE41CF3DD3E000C846B /* ViewController.swift in Sources */,
				4377AFE21CF3DD3E000C846B /* AppDelegate.swift in Sources */,
			);
			runOnlyForDeploymentPostprocessing = 0;
		};
/* End PBXSourcesBuildPhase section */

/* Begin PBXVariantGroup section */
		4377AFE51CF3DD3E000C846B /* Main.storyboard */ = {
			isa = PBXVariantGroup;
			children = (
				4377AFE61CF3DD3E000C846B /* Base */,
			);
			name = Main.storyboard;
			sourceTree = "<group>";
		};
		4377AFEA1CF3DD3E000C846B /* LaunchScreen.storyboard */ = {
			isa = PBXVariantGroup;
			children = (
				4377AFEB1CF3DD3E000C846B /* Base */,
			);
			name = LaunchScreen.storyboard;
			sourceTree = "<group>";
		};
/* End PBXVariantGroup section */

/* Begin XCBuildConfiguration section */
		4377AFEE1CF3DD3E000C846B /* Debug */ = {
			isa = XCBuildConfiguration;
			buildSettings = {
				ALWAYS_SEARCH_USER_PATHS = NO;
				CLANG_ANALYZER_NONNULL = YES;
				CLANG_CXX_LANGUAGE_STANDARD = "gnu++0x";
				CLANG_CXX_LIBRARY = "libc++";
				CLANG_ENABLE_MODULES = YES;
				CLANG_ENABLE_OBJC_ARC = YES;
				CLANG_WARN_BOOL_CONVERSION = YES;
				CLANG_WARN_CONSTANT_CONVERSION = YES;
				CLANG_WARN_DIRECT_OBJC_ISA_USAGE = YES_ERROR;
				CLANG_WARN_EMPTY_BODY = YES;
				CLANG_WARN_ENUM_CONVERSION = YES;
				CLANG_WARN_INT_CONVERSION = YES;
				CLANG_WARN_OBJC_ROOT_CLASS = YES_ERROR;
				CLANG_WARN_UNREACHABLE_CODE = YES;
				CLANG_WARN__DUPLICATE_METHOD_MATCH = YES;
				"CODE_SIGN_IDENTITY[sdk=iphoneos*]" = "iPhone Developer";
				COPY_PHASE_STRIP = NO;
				DEBUG_INFORMATION_FORMAT = dwarf;
				ENABLE_STRICT_OBJC_MSGSEND = YES;
				ENABLE_TESTABILITY = YES;
				GCC_C_LANGUAGE_STANDARD = gnu99;
				GCC_DYNAMIC_NO_PIC = NO;
				GCC_NO_COMMON_BLOCKS = YES;
				GCC_OPTIMIZATION_LEVEL = 0;
				GCC_PREPROCESSOR_DEFINITIONS = (
					"DEBUG=1",
					"$(inherited)",
				);
				GCC_WARN_64_TO_32_BIT_CONVERSION = YES;
				GCC_WARN_ABOUT_RETURN_TYPE = YES_ERROR;
				GCC_WARN_UNDECLARED_SELECTOR = YES;
				GCC_WARN_UNINITIALIZED_AUTOS = YES_AGGRESSIVE;
				GCC_WARN_UNUSED_FUNCTION = YES;
				GCC_WARN_UNUSED_VARIABLE = YES;
				IPHONEOS_DEPLOYMENT_TARGET = 9.3;
				MTL_ENABLE_DEBUG_INFO = YES;
				ONLY_ACTIVE_ARCH = YES;
				SDKROOT = iphoneos;
				SWIFT_OPTIMIZATION_LEVEL = "-Onone";
			};
			name = Debug;
		};
		4377AFEF1CF3DD3E000C846B /* Release */ = {
			isa = XCBuildConfiguration;
			buildSettings = {
				ALWAYS_SEARCH_USER_PATHS = NO;
				CLANG_ANALYZER_NONNULL = YES;
				CLANG_CXX_LANGUAGE_STANDARD = "gnu++0x";
				CLANG_CXX_LIBRARY = "libc++";
				CLANG_ENABLE_MODULES = YES;
				CLANG_ENABLE_OBJC_ARC = YES;
				CLANG_WARN_BOOL_CONVERSION = YES;
				CLANG_WARN_CONSTANT_CONVERSION = YES;
				CLANG_WARN_DIRECT_OBJC_ISA_USAGE = YES_ERROR;
				CLANG_WARN_EMPTY_BODY = YES;
				CLANG_WARN_ENUM_CONVERSION = YES;
				CLANG_WARN_INT_CONVERSION = YES;
				CLANG_WARN_OBJC_ROOT_CLASS = YES_ERROR;
				CLANG_WARN_UNREACHABLE_CODE = YES;
				CLANG_WARN__DUPLICATE_METHOD_MATCH = YES;
				"CODE_SIGN_IDENTITY[sdk=iphoneos*]" = "iPhone Developer";
				COPY_PHASE_STRIP = NO;
				DEBUG_INFORMATION_FORMAT = "dwarf-with-dsym";
				ENABLE_NS_ASSERTIONS = NO;
				ENABLE_STRICT_OBJC_MSGSEND = YES;
				GCC_C_LANGUAGE_STANDARD = gnu99;
				GCC_NO_COMMON_BLOCKS = YES;
				GCC_WARN_64_TO_32_BIT_CONVERSION = YES;
				GCC_WARN_ABOUT_RETURN_TYPE = YES_ERROR;
				GCC_WARN_UNDECLARED_SELECTOR = YES;
				GCC_WARN_UNINITIALIZED_AUTOS = YES_AGGRESSIVE;
				GCC_WARN_UNUSED_FUNCTION = YES;
				GCC_WARN_UNUSED_VARIABLE = YES;
				IPHONEOS_DEPLOYMENT_TARGET = 9.3;
				MTL_ENABLE_DEBUG_INFO = NO;
				SDKROOT = iphoneos;
				VALIDATE_PRODUCT = YES;
			};
			name = Release;
		};
		4377AFF11CF3DD3E000C846B /* Debug */ = {
			isa = XCBuildConfiguration;
			buildSettings = {
				ASSETCATALOG_COMPILER_APPICON_NAME = AppIcon;
				INFOPLIST_FILE = RAP/Info.plist;
				LD_RUNPATH_SEARCH_PATHS = "$(inherited) @executable_path/Frameworks";
				PRODUCT_BUNDLE_IDENTIFIER = "Redleaf-Hospital.RAP";
				PRODUCT_NAME = "$(TARGET_NAME)";
			};
			name = Debug;
		};
		4377AFF21CF3DD3E000C846B /* Release */ = {
			isa = XCBuildConfiguration;
			buildSettings = {
				ASSETCATALOG_COMPILER_APPICON_NAME = AppIcon;
				INFOPLIST_FILE = RAP/Info.plist;
				LD_RUNPATH_SEARCH_PATHS = "$(inherited) @executable_path/Frameworks";
				PRODUCT_BUNDLE_IDENTIFIER = "Redleaf-Hospital.RAP";
				PRODUCT_NAME = "$(TARGET_NAME)";
			};
			name = Release;
		};
/* End XCBuildConfiguration section */

/* Begin XCConfigurationList section */
		4377AFD91CF3DD3E000C846B /* Build configuration list for PBXProject "RAP" */ = {
			isa = XCConfigurationList;
			buildConfigurations = (
				4377AFEE1CF3DD3E000C846B /* Debug */,
				4377AFEF1CF3DD3E000C846B /* Release */,
			);
			defaultConfigurationIsVisible = 0;
			defaultConfigurationName = Release;
		};
		4377AFF01CF3DD3E000C846B /* Build configuration list for PBXNativeTarget "RAP" */ = {
			isa = XCConfigurationList;
			buildConfigurations = (
				4377AFF11CF3DD3E000C846B /* Debug */,
				4377AFF21CF3DD3E000C846B /* Release */,
			);
			defaultConfigurationIsVisible = 0;
			defaultConfigurationName = Release;
		};
/* End XCConfigurationList section */
	};
	rootObject = 4377AFD61CF3DD3E000C846B /* Project object */;
}
